
Microsoft Visual Studio Solution File, Format Version 12.00
# Visual Studio Version 17
VisualStudioVersion = 17.6.33815.320
MinimumVisualStudioVersion = 10.0.40219.1
Project("{FAE04EC0-301F-11D3-BF4B-00C04F79EFBC}") = "DevOpsTest", "DevOpsTest\DevOpsTest.csproj", "{0FC167D7-0006-4A63-A9EF-E61061DA9249}"
EndProject
Global
	GlobalSection(SolutionConfigurationPlatforms) = preSolution
		Debug|Any CPU = Debug|Any CPU
		Release|Any CPU = Release|Any CPU
	EndGlobalSection
	GlobalSection(ProjectConfigurationPlatforms) = postSolution
		{0FC167D7-0006-4A63-A9EF-E61061DA9249}.Debug|Any CPU.ActiveCfg = Debug|Any CPU
		{0FC167D7-0006-4A63-A9EF-E61061DA9249}.Debug|Any CPU.Build.0 = Debug|Any CPU
		{0FC167D7-0006-4A63-A9EF-E61061DA9249}.Release|Any CPU.ActiveCfg = Release|Any CPU
		{0FC167D7-0006-4A63-A9EF-E61061DA9249}.Release|Any CPU.Build.0 = Release|Any CPU
	EndGlobalSection
	GlobalSection(SolutionProperties) = preSolution
		HideSolutionNode = FALSE
	EndGlobalSection
	GlobalSection(ExtensibilityGlobals) = postSolution
		SolutionGuid = {CDBB1D37-1B6A-4A4E-ACE1-CFFDCCB51F13}
	EndGlobalSection
EndGlobal
